{
  "lockfileVersion": 1,
  "workspaces": {
    "": {
      "dependencies": {
        "lru-cache": "^11.1.0",
      },
      "devDependencies": {
        "@types/bun": "^1.2.12",
        "@types/node": "^22.15.17",
        "eventsource": "^3.0.7",
        "prettier": "^3.5.3",
        "prettier-plugin-organize-imports": "^4.1.0",
        "redos-detector": "^6.1.2",
        "typescript": "^5.8.3",
      },
    },
  },
  "packages": {
    "@types/bun": ["@types/bun@1.2.12", "", { "dependencies": { "bun-types": "1.2.12" } }, "sha512-lY/GQTXDGsolT/TiH72p1tuyUORuRrdV7VwOTOjDOt8uTBJQOJc5zz3ufwwDl0VBaoxotSk4LdP0hhjLJ6ypIQ=="],

    "@types/node": ["@types/node@22.15.17", "", { "dependencies": { "undici-types": "~6.21.0" } }, "sha512-wIX2aSZL5FE+MR0JlvF87BNVrtFWf6AE6rxSE9X7OwnVvoyCQjpzSRJ+M87se/4QCkCiebQAqrJ0y6fwIyi7nw=="],

    "bun-types": ["bun-types@1.2.12", "", { "dependencies": { "@types/node": "*" } }, "sha512-tvWMx5vPqbRXgE8WUZI94iS1xAYs8bkqESR9cxBB1Wi+urvfTrF1uzuDgBHFAdO0+d2lmsbG3HmeKMvUyj6pWA=="],

    "eventsource": ["eventsource@3.0.7", "", { "dependencies": { "eventsource-parser": "^3.0.1" } }, "sha512-CRT1WTyuQoD771GW56XEZFQ/ZoSfWid1alKGDYMmkt2yl8UXrVR4pspqWNEcqKvVIzg6PAltWjxcSSPrboA4iA=="],

    "eventsource-parser": ["eventsource-parser@3.0.1", "", {}, "sha512-VARTJ9CYeuQYb0pZEPbzi740OWFgpHe7AYJ2WFZVnUDUQp5Dk2yJUgF36YsZ81cOyxT0QxmXD2EQpapAouzWVA=="],

    "jsesc": ["jsesc@3.0.2", "", { "bin": { "jsesc": "bin/jsesc" } }, "sha512-xKqzzWXDttJuOcawBt4KnKHHIf5oQ/Cxax+0PWFG+DFDgHNAdi+TXECADI+RYiFUMmx8792xsMbbgXj4CwnP4g=="],

    "lru-cache": ["lru-cache@11.1.0", "", {}, "sha512-QIXZUBJUx+2zHUdQujWejBkcD9+cs94tLn0+YL8UrCh+D5sCXZ4c7LaEH48pNwRY3MLDgqUFyhlCyjJPf1WP0A=="],

    "prettier": ["prettier@3.5.3", "", { "bin": { "prettier": "bin/prettier.cjs" } }, "sha512-QQtaxnoDJeAkDvDKWCLiwIXkTgRhwYDEQCghU9Z6q03iyek/rxRh/2lC3HB7P8sWT2xC/y5JDctPLBIGzHKbhw=="],

    "prettier-plugin-organize-imports": ["prettier-plugin-organize-imports@4.1.0", "", { "peerDependencies": { "prettier": ">=2.0", "typescript": ">=2.9", "vue-tsc": "^2.1.0" }, "optionalPeers": ["vue-tsc"] }, "sha512-5aWRdCgv645xaa58X8lOxzZoiHAldAPChljr/MT0crXVOWTZ+Svl4hIWlz+niYSlO6ikE5UXkN1JrRvIP2ut0A=="],

    "redos-detector": ["redos-detector@6.1.2", "", { "dependencies": { "regjsparser": "0.12.0" }, "bin": { "redos-detector": "bin.js" } }, "sha512-xyBnPq9WBqK1h4eQPvSJIVsAwsRligAwGLGS7ukCHxz2CTHxCMviB0v5mxDV+/6jPsf5q0I17PquNH0E7y02Hg=="],

    "regjsparser": ["regjsparser@0.12.0", "", { "dependencies": { "jsesc": "~3.0.2" }, "bin": { "regjsparser": "bin/parser" } }, "sha512-cnE+y8bz4NhMjISKbgeVJtqNbtf5QpjZP+Bslo+UqkIt9QPnX9q095eiRRASJG1/tz6dlNr6Z5NsBiWYokp6EQ=="],

    "typescript": ["typescript@5.8.3", "", { "bin": { "tsc": "bin/tsc", "tsserver": "bin/tsserver" } }, "sha512-p1diW6TqL9L07nNxvRMM7hMMw4c5XOo/1ibL4aAIGmSAt9slTE1Xgw5KWuof2uTOvCg9BY7ZRi+GaF+7sfgPeQ=="],

    "undici-types": ["undici-types@6.21.0", "", {}, "sha512-iwDZqg0QAGrg9Rav5H4n0M64c3mkR59cJ6wQp+7C4nI0gsmExaedaYLNO44eT4AtBBwjbTiGPMlt2Md0T9H9JQ=="],
  }
}
