{
  "lockfileVersion": 1,
  "workspaces": {
    "": {
      "dependencies": {
        "file-type": "^20.0.0",
        "lru-cache": "^11.0.2",
      },
      "devDependencies": {
        "@types/bun": "^1.2.1",
        "@types/node": "^22.13.0",
        "eventsource": "^3.0.5",
        "prettier": "^3.4.2",
        "prettier-plugin-organize-imports": "^4.1.0",
        "redos-detector": "^6.1.2",
        "tinybench": "^3.1.1",
        "type-fest": "^4.33.0",
        "typescript": "^5.7.3",
      },
    },
  },
  "packages": {
    "@tokenizer/inflate": ["@tokenizer/inflate@0.2.6", "", { "dependencies": { "debug": "^4.3.7", "fflate": "^0.8.2", "token-types": "^6.0.0" } }, "sha512-SdR/i05U7Xhnsq36iyIq/ZiGGw4PKzw4ww3bOq80Pjj4wyXpqyTcgrgdDdGlcatnlvzNJx8CQw3hp6QZvkUwhA=="],

    "@tokenizer/token": ["@tokenizer/token@0.3.0", "", {}, "sha512-OvjF+z51L3ov0OyAU0duzsYuvO01PH7x4t6DJx+guahgTnBHkhJdG7soQeTSFLWN3efnHyibZ4Z8l2EuWwJN3A=="],

    "@types/bun": ["@types/bun@1.2.1", "", { "dependencies": { "bun-types": "1.2.1" } }, "sha512-iiCeMAKMkft8EPQJxSbpVRD0DKqrh91w40zunNajce3nMNNFd/LnAquVisSZC+UpTMjDwtcdyzbWct08IvEqRA=="],

    "@types/node": ["@types/node@22.13.0", "", { "dependencies": { "undici-types": "~6.20.0" } }, "sha512-ClIbNe36lawluuvq3+YYhnIN2CELi+6q8NpnM7PYp4hBn/TatfboPgVSm2rwKRfnV2M+Ty9GWDFI64KEe+kysA=="],

    "@types/ws": ["@types/ws@8.5.13", "", { "dependencies": { "@types/node": "*" } }, "sha512-osM/gWBTPKgHV8XkTunnegTRIsvF6owmf5w+JtAfOw472dptdm0dlGv4xCt6GwQRcC2XVOvvRE/0bAoQcL2QkA=="],

    "bun-types": ["bun-types@1.2.1", "", { "dependencies": { "@types/node": "*", "@types/ws": "~8.5.10" } }, "sha512-p7bmXUWmrPWxhcbFVk7oUXM5jAGt94URaoa3qf4mz43MEhNAo/ot1urzBqctgvuq7y9YxkuN51u+/qm4BiIsHw=="],

    "debug": ["debug@4.4.0", "", { "dependencies": { "ms": "^2.1.3" } }, "sha512-6WTZ/IxCY/T6BALoZHaE4ctp9xm+Z5kY/pzYaCHRFeyVhojxlrm+46y68HA6hr0TcwEssoxNiDEUJQjfPZ/RYA=="],

    "eventsource": ["eventsource@3.0.5", "", { "dependencies": { "eventsource-parser": "^3.0.0" } }, "sha512-LT/5J605bx5SNyE+ITBDiM3FxffBiq9un7Vx0EwMDM3vg8sWKx/tO2zC+LMqZ+smAM0F2hblaDZUVZF0te2pSw=="],

    "eventsource-parser": ["eventsource-parser@3.0.0", "", {}, "sha512-T1C0XCUimhxVQzW4zFipdx0SficT651NnkR0ZSH3yQwh+mFMdLfgjABVi4YtMTtaL4s168593DaoaRLMqryavA=="],

    "fflate": ["fflate@0.8.2", "", {}, "sha512-cPJU47OaAoCbg0pBvzsgpTPhmhqI5eJjh/JIu8tPj5q+T7iLvW/JAYUqmE7KOB4R1ZyEhzBaIQpQpardBF5z8A=="],

    "file-type": ["file-type@20.0.1", "", { "dependencies": { "@tokenizer/inflate": "^0.2.6", "strtok3": "^10.2.0", "token-types": "^6.0.0", "uint8array-extras": "^1.4.0" } }, "sha512-R80W+NZ+s1M8PsC8L7xn+J0N72vEyxstMH+4vwIyt5B7ojfG80h/nKu2Qw/NYJTIYyGUeaPNLnzfJd78SWnG3A=="],

    "ieee754": ["ieee754@1.2.1", "", {}, "sha512-dcyqhDvX1C46lXZcVqCpK+FtMRQVdIMN6/Df5js2zouUsqG7I6sFxitIC+7KYK29KdXOLHdu9zL4sFnoVQnqaA=="],

    "jsesc": ["jsesc@3.0.2", "", { "bin": { "jsesc": "bin/jsesc" } }, "sha512-xKqzzWXDttJuOcawBt4KnKHHIf5oQ/Cxax+0PWFG+DFDgHNAdi+TXECADI+RYiFUMmx8792xsMbbgXj4CwnP4g=="],

    "lru-cache": ["lru-cache@11.0.2", "", {}, "sha512-123qHRfJBmo2jXDbo/a5YOQrJoHF/GNQTLzQ5+IdK5pWpceK17yRc6ozlWd25FxvGKQbIUs91fDFkXmDHTKcyA=="],

    "ms": ["ms@2.1.3", "", {}, "sha512-6FlzubTLZG3J2a/NVCAleEhjzq5oxgHyaCU9yYXvcLsvoVaHJq/s5xXI6/XXP6tz7R9xAOtHnSO/tXtF3WRTlA=="],

    "peek-readable": ["peek-readable@6.1.0", "", {}, "sha512-1H5ECS+rPH35Foh4JD/XohQKWsx6Jzn37ESOVTFuCSoI8wMB9r2e2aDSLgHSiyucVrPfoc0DRiipBEP1gr9wLw=="],

    "prettier": ["prettier@3.4.2", "", { "bin": { "prettier": "bin/prettier.cjs" } }, "sha512-e9MewbtFo+Fevyuxn/4rrcDAaq0IYxPGLvObpQjiZBMAzB9IGmzlnG9RZy3FFas+eBMu2vA0CszMeduow5dIuQ=="],

    "prettier-plugin-organize-imports": ["prettier-plugin-organize-imports@4.1.0", "", { "peerDependencies": { "prettier": ">=2.0", "typescript": ">=2.9", "vue-tsc": "^2.1.0" }, "optionalPeers": ["vue-tsc"] }, "sha512-5aWRdCgv645xaa58X8lOxzZoiHAldAPChljr/MT0crXVOWTZ+Svl4hIWlz+niYSlO6ikE5UXkN1JrRvIP2ut0A=="],

    "redos-detector": ["redos-detector@6.1.2", "", { "dependencies": { "regjsparser": "0.12.0" }, "bin": { "redos-detector": "bin.js" } }, "sha512-xyBnPq9WBqK1h4eQPvSJIVsAwsRligAwGLGS7ukCHxz2CTHxCMviB0v5mxDV+/6jPsf5q0I17PquNH0E7y02Hg=="],

    "regjsparser": ["regjsparser@0.12.0", "", { "dependencies": { "jsesc": "~3.0.2" }, "bin": { "regjsparser": "bin/parser" } }, "sha512-cnE+y8bz4NhMjISKbgeVJtqNbtf5QpjZP+Bslo+UqkIt9QPnX9q095eiRRASJG1/tz6dlNr6Z5NsBiWYokp6EQ=="],

    "strtok3": ["strtok3@10.2.0", "", { "dependencies": { "@tokenizer/token": "^0.3.0", "peek-readable": "^6.1.0" } }, "sha512-S884oIGzokq3LkL/6jXw5c5oJXRiGt4jB42cuWdaooJdxFMSn99snaShh3cQmJx3jALV2eoyW3rV/TJxwOaBPA=="],

    "tinybench": ["tinybench@3.1.1", "", {}, "sha512-74pmf47HY/bHqamcCMGris+1AtGGsqTZ3Hc/UK4QvSmRuf/9PIF9753+c8XBh7JfX2r9KeZtVjOYjd6vFpc0qQ=="],

    "token-types": ["token-types@6.0.0", "", { "dependencies": { "@tokenizer/token": "^0.3.0", "ieee754": "^1.2.1" } }, "sha512-lbDrTLVsHhOMljPscd0yitpozq7Ga2M5Cvez5AjGg8GASBjtt6iERCAJ93yommPmz62fb45oFIXHEZ3u9bfJEA=="],

    "type-fest": ["type-fest@4.33.0", "", {}, "sha512-s6zVrxuyKbbAsSAD5ZPTB77q4YIdRctkTbJ2/Dqlinwz+8ooH2gd+YA7VA6Pa93KML9GockVvoxjZ2vHP+mu8g=="],

    "typescript": ["typescript@5.7.3", "", { "bin": { "tsc": "bin/tsc", "tsserver": "bin/tsserver" } }, "sha512-84MVSjMEHP+FQRPy3pX9sTVV/INIex71s9TL2Gm5FG/WG1SqXeKyZ0k7/blY/4FdOzI12CBy1vGc4og/eus0fw=="],

    "uint8array-extras": ["uint8array-extras@1.4.0", "", {}, "sha512-ZPtzy0hu4cZjv3z5NW9gfKnNLjoz4y6uv4HlelAjDK7sY/xOkKZv9xK/WQpcsBB3jEybChz9DPC2U/+cusjJVQ=="],

    "undici-types": ["undici-types@6.20.0", "", {}, "sha512-Ny6QZ2Nju20vw1SRHe3d9jVu6gJ+4e3+MMpqu7pqE5HT6WsTSlce++GQmK5UXS8mzV8DSYHrQH+Xrf2jVcuKNg=="],

    "@types/ws/@types/node": ["@types/node@20.12.14", "", { "dependencies": { "undici-types": "~5.26.4" } }, "sha512-scnD59RpYD91xngrQQLGkE+6UrHUPzeKZWhhjBSa3HSkwjbQc38+q3RoIVEwxQGRw3M+j5hpNAM+lgV3cVormg=="],

    "@types/ws/@types/node/undici-types": ["undici-types@5.26.5", "", {}, "sha512-JlCMO+ehdEIKqlFxk6IfVoAUVmgz7cU7zD/h9XZ0qzeosSHmUJVOzSQvvYSYWXkFXC+IfLKSIffhv0sVZup6pA=="],
  }
}
