{
  "lockfileVersion": 1,
  "workspaces": {
    "": {
      "dependencies": {
        "file-type": "^19.6.0",
        "lru-cache": "^11.0.2",
      },
      "devDependencies": {
        "@types/bun": "^1.1.16",
        "@types/node": "^22.10.6",
        "eventsource": "^2.0.2",
        "prettier": "^3.4.2",
        "prettier-plugin-organize-imports": "^4.1.0",
        "redos-detector": "^5.1.3",
        "tinybench": "^3.1.0",
        "type-fest": "^4.32.0",
        "typescript": "^5.7.3",
      },
    },
  },
  "packages": {
    "@sec-ant/readable-stream": ["@sec-ant/readable-stream@0.4.1", "", {}, "sha512-831qok9r2t8AlxLko40y2ebgSDhenenCatLVeW/uBtnHPyhHOvG0C7TvfgecV+wHzIm5KUICgzmVpWS+IMEAeg=="],

    "@tokenizer/token": ["@tokenizer/token@0.3.0", "", {}, "sha512-OvjF+z51L3ov0OyAU0duzsYuvO01PH7x4t6DJx+guahgTnBHkhJdG7soQeTSFLWN3efnHyibZ4Z8l2EuWwJN3A=="],

    "@types/bun": ["@types/bun@1.1.16", "", { "dependencies": { "bun-types": "1.1.43" } }, "sha512-E+ue6NMcn4FXC5bDRE1W/BXUVs01h5Mt02qH8/8HGCox9akuh8KNOFdwvaQS9TDgT2RmUyJYFRRqA60WtTnm2g=="],

    "@types/node": ["@types/node@22.10.6", "", { "dependencies": { "undici-types": "~6.20.0" } }, "sha512-qNiuwC4ZDAUNcY47xgaSuS92cjf8JbSUoaKS77bmLG1rU7MlATVSiw/IlrjtIyyskXBZ8KkNfjK/P5na7rgXbQ=="],

    "@types/ws": ["@types/ws@8.5.13", "", { "dependencies": { "@types/node": "*" } }, "sha512-osM/gWBTPKgHV8XkTunnegTRIsvF6owmf5w+JtAfOw472dptdm0dlGv4xCt6GwQRcC2XVOvvRE/0bAoQcL2QkA=="],

    "bun-types": ["bun-types@1.1.43", "", { "dependencies": { "@types/node": "~20.12.8", "@types/ws": "~8.5.10" } }, "sha512-W0wCtVH+bwFp7p3Zgs03CqxEDmXxEvmmUM/FBKgWIv9T8gyeotvIjIbHzuDScc2DphhRNtr7hJLCR5PspYL5qw=="],

    "eventsource": ["eventsource@2.0.2", "", {}, "sha512-IzUmBGPR3+oUG9dUeXynyNmf91/3zUSJg1lCktzKw47OXuhco54U3r9B7O4XX+Rb1Itm9OZ2b0RkTs10bICOxA=="],

    "file-type": ["file-type@19.6.0", "", { "dependencies": { "get-stream": "^9.0.1", "strtok3": "^9.0.1", "token-types": "^6.0.0", "uint8array-extras": "^1.3.0" } }, "sha512-VZR5I7k5wkD0HgFnMsq5hOsSc710MJMu5Nc5QYsbe38NN5iPV/XTObYLc/cpttRTf6lX538+5uO1ZQRhYibiZQ=="],

    "get-stream": ["get-stream@9.0.1", "", { "dependencies": { "@sec-ant/readable-stream": "^0.4.1", "is-stream": "^4.0.1" } }, "sha512-kVCxPF3vQM/N0B1PmoqVUqgHP+EeVjmZSQn+1oCRPxd2P21P2F19lIgbR3HBosbB1PUhOAoctJnfEn2GbN2eZA=="],

    "ieee754": ["ieee754@1.2.1", "", {}, "sha512-dcyqhDvX1C46lXZcVqCpK+FtMRQVdIMN6/Df5js2zouUsqG7I6sFxitIC+7KYK29KdXOLHdu9zL4sFnoVQnqaA=="],

    "is-stream": ["is-stream@4.0.1", "", {}, "sha512-Dnz92NInDqYckGEUJv689RbRiTSEHCQ7wOVeALbkOz999YpqT46yMRIGtSNl2iCL1waAZSx40+h59NV/EwzV/A=="],

    "jsesc": ["jsesc@0.5.0", "", { "bin": { "jsesc": "bin/jsesc" } }, "sha512-uZz5UnB7u4T9LvwmFqXii7pZSouaRPorGs5who1Ip7VO0wxanFvBL7GkM6dTHlgX+jhBApRetaWpnDabOeTcnA=="],

    "lru-cache": ["lru-cache@11.0.2", "", {}, "sha512-123qHRfJBmo2jXDbo/a5YOQrJoHF/GNQTLzQ5+IdK5pWpceK17yRc6ozlWd25FxvGKQbIUs91fDFkXmDHTKcyA=="],

    "peek-readable": ["peek-readable@5.3.1", "", {}, "sha512-GVlENSDW6KHaXcd9zkZltB7tCLosKB/4Hg0fqBJkAoBgYG2Tn1xtMgXtSUuMU9AK/gCm/tTdT8mgAeF4YNeeqw=="],

    "prettier": ["prettier@3.4.2", "", { "bin": { "prettier": "bin/prettier.cjs" } }, "sha512-e9MewbtFo+Fevyuxn/4rrcDAaq0IYxPGLvObpQjiZBMAzB9IGmzlnG9RZy3FFas+eBMu2vA0CszMeduow5dIuQ=="],

    "prettier-plugin-organize-imports": ["prettier-plugin-organize-imports@4.1.0", "", { "peerDependencies": { "prettier": ">=2.0", "typescript": ">=2.9", "vue-tsc": "^2.1.0" }, "optionalPeers": ["vue-tsc"] }, "sha512-5aWRdCgv645xaa58X8lOxzZoiHAldAPChljr/MT0crXVOWTZ+Svl4hIWlz+niYSlO6ikE5UXkN1JrRvIP2ut0A=="],

    "redos-detector": ["redos-detector@5.1.3", "", { "dependencies": { "regjsparser": "0.10.0" }, "bin": { "redos-detector": "bin.js" } }, "sha512-Ld3MZjbKMTqHa25bPWqKaBz8OXrsJFOhVYKh0i07llMdp93fu+KFrScR4XS1ig/JTxfwgwg8myVLnQwM6w2RiA=="],

    "regjsparser": ["regjsparser@0.10.0", "", { "dependencies": { "jsesc": "~0.5.0" }, "bin": { "regjsparser": "bin/parser" } }, "sha512-qx+xQGZVsy55CH0a1hiVwHmqjLryfh7wQyF5HO07XJ9f7dQMY/gPQHhlyDkIzJKC+x2fUCpCcUODUUUFrm7SHA=="],

    "strtok3": ["strtok3@9.0.1", "", { "dependencies": { "@tokenizer/token": "^0.3.0", "peek-readable": "^5.3.1" } }, "sha512-ERPW+XkvX9W2A+ov07iy+ZFJpVdik04GhDA4eVogiG9hpC97Kem2iucyzhFxbFRvQ5o2UckFtKZdp1hkGvnrEw=="],

    "tinybench": ["tinybench@3.1.0", "", {}, "sha512-Km+oMh2xqNCxuyoUsqbRmHgFSd8sATh7v7xreP+kHN6x67w28Pawr83WmBxcaORvxkc0Ex6zgqK951yBnTFaaQ=="],

    "token-types": ["token-types@6.0.0", "", { "dependencies": { "@tokenizer/token": "^0.3.0", "ieee754": "^1.2.1" } }, "sha512-lbDrTLVsHhOMljPscd0yitpozq7Ga2M5Cvez5AjGg8GASBjtt6iERCAJ93yommPmz62fb45oFIXHEZ3u9bfJEA=="],

    "type-fest": ["type-fest@4.32.0", "", {}, "sha512-rfgpoi08xagF3JSdtJlCwMq9DGNDE0IMh3Mkpc1wUypg9vPi786AiqeBBKcqvIkq42azsBM85N490fyZjeUftw=="],

    "typescript": ["typescript@5.7.3", "", { "bin": { "tsc": "bin/tsc", "tsserver": "bin/tsserver" } }, "sha512-84MVSjMEHP+FQRPy3pX9sTVV/INIex71s9TL2Gm5FG/WG1SqXeKyZ0k7/blY/4FdOzI12CBy1vGc4og/eus0fw=="],

    "uint8array-extras": ["uint8array-extras@1.4.0", "", {}, "sha512-ZPtzy0hu4cZjv3z5NW9gfKnNLjoz4y6uv4HlelAjDK7sY/xOkKZv9xK/WQpcsBB3jEybChz9DPC2U/+cusjJVQ=="],

    "undici-types": ["undici-types@6.20.0", "", {}, "sha512-Ny6QZ2Nju20vw1SRHe3d9jVu6gJ+4e3+MMpqu7pqE5HT6WsTSlce++GQmK5UXS8mzV8DSYHrQH+Xrf2jVcuKNg=="],

    "@types/ws/@types/node": ["@types/node@20.12.14", "", { "dependencies": { "undici-types": "~5.26.4" } }, "sha512-scnD59RpYD91xngrQQLGkE+6UrHUPzeKZWhhjBSa3HSkwjbQc38+q3RoIVEwxQGRw3M+j5hpNAM+lgV3cVormg=="],

    "bun-types/@types/node": ["@types/node@20.12.14", "", { "dependencies": { "undici-types": "~5.26.4" } }, "sha512-scnD59RpYD91xngrQQLGkE+6UrHUPzeKZWhhjBSa3HSkwjbQc38+q3RoIVEwxQGRw3M+j5hpNAM+lgV3cVormg=="],

    "@types/ws/@types/node/undici-types": ["undici-types@5.26.5", "", {}, "sha512-JlCMO+ehdEIKqlFxk6IfVoAUVmgz7cU7zD/h9XZ0qzeosSHmUJVOzSQvvYSYWXkFXC+IfLKSIffhv0sVZup6pA=="],

    "bun-types/@types/node/undici-types": ["undici-types@5.26.5", "", {}, "sha512-JlCMO+ehdEIKqlFxk6IfVoAUVmgz7cU7zD/h9XZ0qzeosSHmUJVOzSQvvYSYWXkFXC+IfLKSIffhv0sVZup6pA=="],
  }
}
